
Microsoft Visual Studio Solution File, Format Version 12.00
# Visual Studio 15
VisualStudioVersion = 15.0.27004.2006
MinimumVisualStudioVersion = 10.0.40219.1
Project("{FAE04EC0-301F-11D3-BF4B-00C04F79EFBC}") = "AspAngularPractice", "AspAngularPractice\AspAngularPractice.csproj", "{A605715F-27E2-49A2-9BC7-C1A5E76461D5}"
EndProject
Global
	GlobalSection(SolutionConfigurationPlatforms) = preSolution
		Debug|Any CPU = Debug|Any CPU
		Release|Any CPU = Release|Any CPU
	EndGlobalSection
	GlobalSection(ProjectConfigurationPlatforms) = postSolution
		{A605715F-27E2-49A2-9BC7-C1A5E76461D5}.Debug|Any CPU.ActiveCfg = Debug|Any CPU
		{A605715F-27E2-49A2-9BC7-C1A5E76461D5}.Debug|Any CPU.Build.0 = Debug|Any CPU
		{A605715F-27E2-49A2-9BC7-C1A5E76461D5}.Release|Any CPU.ActiveCfg = Release|Any CPU
		{A605715F-27E2-49A2-9BC7-C1A5E76461D5}.Release|Any CPU.Build.0 = Release|Any CPU
	EndGlobalSection
	GlobalSection(SolutionProperties) = preSolution
		HideSolutionNode = FALSE
	EndGlobalSection
	GlobalSection(ExtensibilityGlobals) = postSolution
		SolutionGuid = {BF992191-4354-4D0A-9798-ACB11EF12878}
	EndGlobalSection
EndGlobal
